
Microsoft Visual Studio Solution File, Format Version 12.00
# Visual Studio 2013
VisualStudioVersion = 12.0.21005.1
MinimumVisualStudioVersion = 10.0.40219.1
Project("{8BC9CEB8-8B4A-11D0-8D11-00A0C91BC942}") = "hyz.crawller", "hyz.crawller.vcxproj", "{04A76EC5-C81A-4807-A332-AA781D0B2D19}"
EndProject
Project("{8BC9CEB8-8B4A-11D0-8D11-00A0C91BC942}") = "teste", "..\teste\teste.vcxproj", "{94F82706-A0DE-4880-A0E8-D9B64FC93183}"
EndProject
Global
	GlobalSection(SolutionConfigurationPlatforms) = preSolution
		Debug|Mixed Platforms = Debug|Mixed Platforms
		Debug|Win32 = Debug|Win32
		Debug|x64 = Debug|x64
		Debug|x86 = Debug|x86
		Release|Mixed Platforms = Release|Mixed Platforms
		Release|Win32 = Release|Win32
		Release|x64 = Release|x64
		Release|x86 = Release|x86
	EndGlobalSection
	GlobalSection(ProjectConfigurationPlatforms) = postSolution
		{04A76EC5-C81A-4807-A332-AA781D0B2D19}.Debug|Mixed Platforms.ActiveCfg = Debug|Win32
		{04A76EC5-C81A-4807-A332-AA781D0B2D19}.Debug|Mixed Platforms.Build.0 = Debug|Win32
		{04A76EC5-C81A-4807-A332-AA781D0B2D19}.Debug|Win32.ActiveCfg = Debug|Win32
		{04A76EC5-C81A-4807-A332-AA781D0B2D19}.Debug|Win32.Build.0 = Debug|Win32
		{04A76EC5-C81A-4807-A332-AA781D0B2D19}.Debug|x64.ActiveCfg = Debug|x64
		{04A76EC5-C81A-4807-A332-AA781D0B2D19}.Debug|x64.Build.0 = Debug|x64
		{04A76EC5-C81A-4807-A332-AA781D0B2D19}.Debug|x86.ActiveCfg = Debug|Win32
		{04A76EC5-C81A-4807-A332-AA781D0B2D19}.Debug|x86.Build.0 = Debug|Win32
		{04A76EC5-C81A-4807-A332-AA781D0B2D19}.Release|Mixed Platforms.ActiveCfg = Release|Win32
		{04A76EC5-C81A-4807-A332-AA781D0B2D19}.Release|Mixed Platforms.Build.0 = Release|Win32
		{04A76EC5-C81A-4807-A332-AA781D0B2D19}.Release|Win32.ActiveCfg = Release|Win32
		{04A76EC5-C81A-4807-A332-AA781D0B2D19}.Release|Win32.Build.0 = Release|Win32
		{04A76EC5-C81A-4807-A332-AA781D0B2D19}.Release|x64.ActiveCfg = Release|x64
		{04A76EC5-C81A-4807-A332-AA781D0B2D19}.Release|x64.Build.0 = Release|x64
		{04A76EC5-C81A-4807-A332-AA781D0B2D19}.Release|x86.ActiveCfg = Release|Win32
		{04A76EC5-C81A-4807-A332-AA781D0B2D19}.Release|x86.Build.0 = Release|Win32
		{94F82706-A0DE-4880-A0E8-D9B64FC93183}.Debug|Mixed Platforms.ActiveCfg = Debug|Win32
		{94F82706-A0DE-4880-A0E8-D9B64FC93183}.Debug|Mixed Platforms.Build.0 = Debug|Win32
		{94F82706-A0DE-4880-A0E8-D9B64FC93183}.Debug|Win32.ActiveCfg = Debug|Win32
		{94F82706-A0DE-4880-A0E8-D9B64FC93183}.Debug|Win32.Build.0 = Debug|Win32
		{94F82706-A0DE-4880-A0E8-D9B64FC93183}.Debug|x64.ActiveCfg = Debug|Win32
		{94F82706-A0DE-4880-A0E8-D9B64FC93183}.Debug|x86.ActiveCfg = Debug|Win32
		{94F82706-A0DE-4880-A0E8-D9B64FC93183}.Debug|x86.Build.0 = Debug|Win32
		{94F82706-A0DE-4880-A0E8-D9B64FC93183}.Release|Mixed Platforms.ActiveCfg = Release|Win32
		{94F82706-A0DE-4880-A0E8-D9B64FC93183}.Release|Mixed Platforms.Build.0 = Release|Win32
		{94F82706-A0DE-4880-A0E8-D9B64FC93183}.Release|Win32.ActiveCfg = Release|Win32
		{94F82706-A0DE-4880-A0E8-D9B64FC93183}.Release|Win32.Build.0 = Release|Win32
		{94F82706-A0DE-4880-A0E8-D9B64FC93183}.Release|x64.ActiveCfg = Release|Win32
		{94F82706-A0DE-4880-A0E8-D9B64FC93183}.Release|x86.ActiveCfg = Release|Win32
		{94F82706-A0DE-4880-A0E8-D9B64FC93183}.Release|x86.Build.0 = Release|Win32
	EndGlobalSection
	GlobalSection(SolutionProperties) = preSolution
		HideSolutionNode = FALSE
	EndGlobalSection
	GlobalSection(ExtensibilityGlobals) = postSolution
		SolutionGuid = {337F52F6-2200-4D28-A863-607AB9A8D7D1}
	EndGlobalSection
EndGlobal
